
Microsoft Visual Studio Solution File, Format Version 12.00
# Visual Studio Version 16
VisualStudioVersion = 16.0.31005.135
MinimumVisualStudioVersion = 10.0.40219.1
Project("{FAE04EC0-301F-11D3-BF4B-00C04F79EFBC}") = "myDictionary", "myDictionary\myDictionary.csproj", "{75BDE4BA-9141-4700-BA17-B1D7473F78E4}"
EndProject
Global
	GlobalSection(SolutionConfigurationPlatforms) = preSolution
		Debug|Any CPU = Debug|Any CPU
		Release|Any CPU = Release|Any CPU
	EndGlobalSection
	GlobalSection(ProjectConfigurationPlatforms) = postSolution
		{75BDE4BA-9141-4700-BA17-B1D7473F78E4}.Debug|Any CPU.ActiveCfg = Debug|Any CPU
		{75BDE4BA-9141-4700-BA17-B1D7473F78E4}.Debug|Any CPU.Build.0 = Debug|Any CPU
		{75BDE4BA-9141-4700-BA17-B1D7473F78E4}.Release|Any CPU.ActiveCfg = Release|Any CPU
		{75BDE4BA-9141-4700-BA17-B1D7473F78E4}.Release|Any CPU.Build.0 = Release|Any CPU
	EndGlobalSection
	GlobalSection(SolutionProperties) = preSolution
		HideSolutionNode = FALSE
	EndGlobalSection
	GlobalSection(ExtensibilityGlobals) = postSolution
		SolutionGuid = {D66EC98C-E802-41AA-8477-E928A7F987BD}
	EndGlobalSection
EndGlobal
